{
	"name": "example-project",
	"version": "1.0.0",
	"lockfileVersion": 3,
	"requires": true,
	"packages": {
		"": {
			"name": "example-project",
			"dependencies": {
				"troto-prototypes": "file:../types"
			}
		},
		"..": {
			"version": "1.0.0",
			"license": "MIT",
			"dependencies": {
				"typescript": "^5.4.5"
			},
			"bin": {
				"trotoc": "dist/cli.js"
			},
			"devDependencies": {
				"@types/node": "^20.12.7",
				"tsc": "^2.0.4"
			}
		},
		"../types": {
			"name": "troto-prototypes",
			"version": "1.0.0"
		},
		"node_modules/troto-prototypes": {
			"resolved": "../types",
			"link": true
		}
	}
}
