{
	"name": "example-project",
	"version": "1.0.0",
	"lockfileVersion": 3,
	"requires": true,
	"packages": {
		"": {
			"name": "example-project",
			"dependencies": {
				"troto": "file:../"
			}
		},
		"..": {
			"version": "1.0.1",
			"license": "MIT",
			"dependencies": {
				"change-case": "^5.4.4",
				"google-protobuf": "^3.21.2",
				"json5": "^2.2.3",
				"typescript": "^5.4.5",
				"zod": "^3.23.4"
			},
			"bin": {
				"trotoc": "node ./dist/cli.js"
			},
			"devDependencies": {
				"@types/google-protobuf": "^3.15.12",
				"@types/json5": "^2.2.0",
				"@types/node": "^20.12.7",
				"tsc": "^2.0.4"
			}
		},
		"../types": {
			"name": "troto-prototypes",
			"version": "1.0.0",
			"extraneous": true
		},
		"node_modules/troto": {
			"resolved": "..",
			"link": true
		}
	}
}
